
Microsoft Visual Studio Solution File, Format Version 12.00
Project("{FAE04EC0-301F-11D3-BF4B-00C04F79EFBC}") = "BlazorEditor", "BlazorEditor\BlazorEditor.csproj", "{8B107A32-51C0-48ED-AB49-78F47601B867}"
EndProject
Global
	GlobalSection(SolutionConfigurationPlatforms) = preSolution
		Debug|Any CPU = Debug|Any CPU
		Release|Any CPU = Release|Any CPU
	EndGlobalSection
	GlobalSection(ProjectConfigurationPlatforms) = postSolution
		{8B107A32-51C0-48ED-AB49-78F47601B867}.Debug|Any CPU.ActiveCfg = Debug|Any CPU
		{8B107A32-51C0-48ED-AB49-78F47601B867}.Debug|Any CPU.Build.0 = Debug|Any CPU
		{8B107A32-51C0-48ED-AB49-78F47601B867}.Release|Any CPU.ActiveCfg = Release|Any CPU
		{8B107A32-51C0-48ED-AB49-78F47601B867}.Release|Any CPU.Build.0 = Release|Any CPU
	EndGlobalSection
EndGlobal
